// !$*UTF8*$!
{
	archiveVersion = 1;
	classes = {
	};
	objectVersion = 46;
	objects = {

/* Begin PBXBuildFile section */
		5A50CE601AAC193F0050BB46 /* t1.png in Resources */ = {isa = PBXBuildFile; fileRef = 5A50CE5C1AAC193F0050BB46 /* t1.png */; };
		5A50CE611AAC193F0050BB46 /* t2.png in Resources */ = {isa = PBXBuildFile; fileRef = 5A50CE5D1AAC193F0050BB46 /* t2.png */; };
		5A50CE621AAC193F0050BB46 /* t3.png in Resources */ = {isa = PBXBuildFile; fileRef = 5A50CE5E1AAC193F0050BB46 /* t3.png */; };
		5A50CE631AAC193F0050BB46 /* t4.png in Resources */ = {isa = PBXBuildFile; fileRef = 5A50CE5F1AAC193F0050BB46 /* t4.png */; };
		5A50CE651AAC85DD0050BB46 /* leftView.xib in Resources */ = {isa = PBXBuildFile; fileRef = 5A50CE641AAC85DD0050BB46 /* leftView.xib */; };
		5A50CE671AAC8EE30050BB46 /* leftView.swift in Sources */ = {isa = PBXBuildFile; fileRef = 5A50CE661AAC8EE30050BB46 /* leftView.swift */; };
		5A64E0601A99A97900510F9A /* photo-1.jpg in Resources */ = {isa = PBXBuildFile; fileRef = 5A64E0481A99A97900510F9A /* photo-1.jpg */; };
		5A64E0611A99A97900510F9A /* photo-2.jpg in Resources */ = {isa = PBXBuildFile; fileRef = 5A64E0491A99A97900510F9A /* photo-2.jpg */; };
		5A64E0621A99A97900510F9A /* photo-3.jpg in Resources */ = {isa = PBXBuildFile; fileRef = 5A64E04A1A99A97900510F9A /* photo-3.jpg */; };
		5A64E0631A99A97900510F9A /* photo-4.jpg in Resources */ = {isa = PBXBuildFile; fileRef = 5A64E04B1A99A97900510F9A /* photo-4.jpg */; };
		5A64E0641A99A97900510F9A /* photo-5.jpg in Resources */ = {isa = PBXBuildFile; fileRef = 5A64E04C1A99A97900510F9A /* photo-5.jpg */; };
		5A64E0651A99A97900510F9A /* photo-6.jpg in Resources */ = {isa = PBXBuildFile; fileRef = 5A64E04D1A99A97900510F9A /* photo-6.jpg */; };
		5A64E0661A99A97900510F9A /* photo-7.jpg in Resources */ = {isa = PBXBuildFile; fileRef = 5A64E04E1A99A97900510F9A /* photo-7.jpg */; };
		5A64E0671A99A97900510F9A /* photo-8.jpg in Resources */ = {isa = PBXBuildFile; fileRef = 5A64E04F1A99A97900510F9A /* photo-8.jpg */; };
		5A64E0681A99A97900510F9A /* photo-9.jpg in Resources */ = {isa = PBXBuildFile; fileRef = 5A64E0501A99A97900510F9A /* photo-9.jpg */; };
		5A64E0691A99A97900510F9A /* photo-10.jpg in Resources */ = {isa = PBXBuildFile; fileRef = 5A64E0511A99A97900510F9A /* photo-10.jpg */; };
		5A64E06A1A99A97900510F9A /* photo-11.jpg in Resources */ = {isa = PBXBuildFile; fileRef = 5A64E0521A99A97900510F9A /* photo-11.jpg */; };
		5A64E06B1A99A97900510F9A /* photo-12.jpg in Resources */ = {isa = PBXBuildFile; fileRef = 5A64E0531A99A97900510F9A /* photo-12.jpg */; };
		5A64E06C1A99A97900510F9A /* photo-13.jpg in Resources */ = {isa = PBXBuildFile; fileRef = 5A64E0541A99A97900510F9A /* photo-13.jpg */; };
		5A64E06D1A99A97900510F9A /* photo-14.jpg in Resources */ = {isa = PBXBuildFile; fileRef = 5A64E0551A99A97900510F9A /* photo-14.jpg */; };
		5A64E06E1A99A97900510F9A /* photo-15.jpg in Resources */ = {isa = PBXBuildFile; fileRef = 5A64E0561A99A97900510F9A /* photo-15.jpg */; };
		5A64E06F1A99A97900510F9A /* photo-16.jpg in Resources */ = {isa = PBXBuildFile; fileRef = 5A64E0571A99A97900510F9A /* photo-16.jpg */; };
		5A64E0701A99A97900510F9A /* photo-17.jpg in Resources */ = {isa = PBXBuildFile; fileRef = 5A64E0581A99A97900510F9A /* photo-17.jpg */; };
		5A64E0711A99A97900510F9A /* photo-18.jpg in Resources */ = {isa = PBXBuildFile; fileRef = 5A64E0591A99A97900510F9A /* photo-18.jpg */; };
		5A64E0721A99A97900510F9A /* photo-19.jpg in Resources */ = {isa = PBXBuildFile; fileRef = 5A64E05A1A99A97900510F9A /* photo-19.jpg */; };
		5A64E0731A99A97900510F9A /* photo-20.jpg in Resources */ = {isa = PBXBuildFile; fileRef = 5A64E05B1A99A97900510F9A /* photo-20.jpg */; };
		5A64E0741A99A97900510F9A /* photo-21.jpg in Resources */ = {isa = PBXBuildFile; fileRef = 5A64E05C1A99A97900510F9A /* photo-21.jpg */; };
		5A64E0751A99A97900510F9A /* photo-22.jpg in Resources */ = {isa = PBXBuildFile; fileRef = 5A64E05D1A99A97900510F9A /* photo-22.jpg */; };
		5A64E0761A99A97900510F9A /* photo-23.jpg in Resources */ = {isa = PBXBuildFile; fileRef = 5A64E05E1A99A97900510F9A /* photo-23.jpg */; };
		5A64E0771A99A97900510F9A /* photo-24.jpg in Resources */ = {isa = PBXBuildFile; fileRef = 5A64E05F1A99A97900510F9A /* photo-24.jpg */; };
		5AD012361AC1454E0043DDC0 /* refresh.xib in Resources */ = {isa = PBXBuildFile; fileRef = 5AD012351AC1454E0043DDC0 /* refresh.xib */; };
		5AD0123D1AC159190043DDC0 /* refresh.swift in Sources */ = {isa = PBXBuildFile; fileRef = 5AD0123C1AC159190043DDC0 /* refresh.swift */; };
		5AD016A41A99DFAA00F63C3D /* collect.swift in Sources */ = {isa = PBXBuildFile; fileRef = 5AD016A31A99DFAA00F63C3D /* collect.swift */; };
		5AD016A61A99E1AE00F63C3D /* cellView.swift in Sources */ = {isa = PBXBuildFile; fileRef = 5AD016A51A99E1AE00F63C3D /* cellView.swift */; };
		5AD016A81A9A050400F63C3D /* dogTable.swift in Sources */ = {isa = PBXBuildFile; fileRef = 5AD016A71A9A050400F63C3D /* dogTable.swift */; };
		5AD771031A9EC0EF00F4D10A /* Dog.swift in Sources */ = {isa = PBXBuildFile; fileRef = 5AD771021A9EC0EF00F4D10A /* Dog.swift */; };
		5AD771051A9EF84500F4D10A /* addDog.swift in Sources */ = {isa = PBXBuildFile; fileRef = 5AD771041A9EF84500F4D10A /* addDog.swift */; };
		5ADF847A1A9A1369006E6F91 /* dogTableCell.swift in Sources */ = {isa = PBXBuildFile; fileRef = 5ADF84791A9A1369006E6F91 /* dogTableCell.swift */; };
		5AE222E21AA7F33200C1A27E /* mainContainer.swift in Sources */ = {isa = PBXBuildFile; fileRef = 5AE222E11AA7F33200C1A27E /* mainContainer.swift */; };
		5AE222E71AA8AC0300C1A27E /* UIImage+ImageEffects.m in Sources */ = {isa = PBXBuildFile; fileRef = 5AE222E61AA8AC0300C1A27E /* UIImage+ImageEffects.m */; };
		5AE404DF1AA4CA460041B7D7 /* bar1on.png in Resources */ = {isa = PBXBuildFile; fileRef = 5AE404DE1AA4CA460041B7D7 /* bar1on.png */; };
		5AE404E31AA4CB030041B7D7 /* bar1off.png in Resources */ = {isa = PBXBuildFile; fileRef = 5AE404E01AA4CB030041B7D7 /* bar1off.png */; };
		5AE404E41AA4CB030041B7D7 /* bar2off.png in Resources */ = {isa = PBXBuildFile; fileRef = 5AE404E11AA4CB030041B7D7 /* bar2off.png */; };
		5AE404E51AA4CB030041B7D7 /* bar2on.png in Resources */ = {isa = PBXBuildFile; fileRef = 5AE404E21AA4CB030041B7D7 /* bar2on.png */; };
		5AE404EA1AA553620041B7D7 /* bar3off.png in Resources */ = {isa = PBXBuildFile; fileRef = 5AE404E61AA553620041B7D7 /* bar3off.png */; };
		5AE404EB1AA553620041B7D7 /* bar3on.png in Resources */ = {isa = PBXBuildFile; fileRef = 5AE404E71AA553620041B7D7 /* bar3on.png */; };
		5AE404EC1AA553620041B7D7 /* bar4off.png in Resources */ = {isa = PBXBuildFile; fileRef = 5AE404E81AA553620041B7D7 /* bar4off.png */; };
		5AE404ED1AA553620041B7D7 /* bar4on.png in Resources */ = {isa = PBXBuildFile; fileRef = 5AE404E91AA553620041B7D7 /* bar4on.png */; };
		5AE404F11AA57C1F0041B7D7 /* me.swift in Sources */ = {isa = PBXBuildFile; fileRef = 5AE404F01AA57C1F0041B7D7 /* me.swift */; };
		5AE5A3E51A98550100289526 /* AppDelegate.swift in Sources */ = {isa = PBXBuildFile; fileRef = 5AE5A3E41A98550100289526 /* AppDelegate.swift */; };
		5AE5A3E81A98550100289526 /* wangwang.xcdatamodeld in Sources */ = {isa = PBXBuildFile; fileRef = 5AE5A3E61A98550100289526 /* wangwang.xcdatamodeld */; };
		5AE5A3EA1A98550100289526 /* ViewController.swift in Sources */ = {isa = PBXBuildFile; fileRef = 5AE5A3E91A98550100289526 /* ViewController.swift */; };
		5AE5A3ED1A98550100289526 /* Main.storyboard in Resources */ = {isa = PBXBuildFile; fileRef = 5AE5A3EB1A98550100289526 /* Main.storyboard */; };
		5AE5A3EF1A98550100289526 /* Images.xcassets in Resources */ = {isa = PBXBuildFile; fileRef = 5AE5A3EE1A98550100289526 /* Images.xcassets */; };
		5AE5A3F21A98550100289526 /* LaunchScreen.xib in Resources */ = {isa = PBXBuildFile; fileRef = 5AE5A3F01A98550100289526 /* LaunchScreen.xib */; };
		5AE5A3FE1A98550100289526 /* wangwangTests.swift in Sources */ = {isa = PBXBuildFile; fileRef = 5AE5A3FD1A98550100289526 /* wangwangTests.swift */; };
/* End PBXBuildFile section */

/* Begin PBXContainerItemProxy section */
		5AE5A3F81A98550100289526 /* PBXContainerItemProxy */ = {
			isa = PBXContainerItemProxy;
			containerPortal = 5AE5A3D71A98550100289526 /* Project object */;
			proxyType = 1;
			remoteGlobalIDString = 5AE5A3DE1A98550100289526;
			remoteInfo = wangwang;
		};
/* End PBXContainerItemProxy section */

/* Begin PBXFileReference section */
		5A50CE5C1AAC193F0050BB46 /* t1.png */ = {isa = PBXFileReference; lastKnownFileType = image.png; path = t1.png; sourceTree = "<group>"; };
		5A50CE5D1AAC193F0050BB46 /* t2.png */ = {isa = PBXFileReference; lastKnownFileType = image.png; path = t2.png; sourceTree = "<group>"; };
		5A50CE5E1AAC193F0050BB46 /* t3.png */ = {isa = PBXFileReference; lastKnownFileType = image.png; path = t3.png; sourceTree = "<group>"; };
		5A50CE5F1AAC193F0050BB46 /* t4.png */ = {isa = PBXFileReference; lastKnownFileType = image.png; path = t4.png; sourceTree = "<group>"; };
		5A50CE641AAC85DD0050BB46 /* leftView.xib */ = {isa = PBXFileReference; fileEncoding = 4; lastKnownFileType = file.xib; path = leftView.xib; sourceTree = "<group>"; };
		5A50CE661AAC8EE30050BB46 /* leftView.swift */ = {isa = PBXFileReference; fileEncoding = 4; lastKnownFileType = sourcecode.swift; path = leftView.swift; sourceTree = "<group>"; };
		5A64E0481A99A97900510F9A /* photo-1.jpg */ = {isa = PBXFileReference; lastKnownFileType = image.jpeg; path = "photo-1.jpg"; sourceTree = "<group>"; };
		5A64E0491A99A97900510F9A /* photo-2.jpg */ = {isa = PBXFileReference; lastKnownFileType = image.jpeg; path = "photo-2.jpg"; sourceTree = "<group>"; };
		5A64E04A1A99A97900510F9A /* photo-3.jpg */ = {isa = PBXFileReference; lastKnownFileType = image.jpeg; path = "photo-3.jpg"; sourceTree = "<group>"; };
		5A64E04B1A99A97900510F9A /* photo-4.jpg */ = {isa = PBXFileReference; lastKnownFileType = image.jpeg; path = "photo-4.jpg"; sourceTree = "<group>"; };
		5A64E04C1A99A97900510F9A /* photo-5.jpg */ = {isa = PBXFileReference; lastKnownFileType = image.jpeg; path = "photo-5.jpg"; sourceTree = "<group>"; };
		5A64E04D1A99A97900510F9A /* photo-6.jpg */ = {isa = PBXFileReference; lastKnownFileType = image.jpeg; path = "photo-6.jpg"; sourceTree = "<group>"; };
		5A64E04E1A99A97900510F9A /* photo-7.jpg */ = {isa = PBXFileReference; lastKnownFileType = image.jpeg; path = "photo-7.jpg"; sourceTree = "<group>"; };
		5A64E04F1A99A97900510F9A /* photo-8.jpg */ = {isa = PBXFileReference; lastKnownFileType = image.jpeg; path = "photo-8.jpg"; sourceTree = "<group>"; };
		5A64E0501A99A97900510F9A /* photo-9.jpg */ = {isa = PBXFileReference; lastKnownFileType = image.jpeg; path = "photo-9.jpg"; sourceTree = "<group>"; };
		5A64E0511A99A97900510F9A /* photo-10.jpg */ = {isa = PBXFileReference; lastKnownFileType = image.jpeg; path = "photo-10.jpg"; sourceTree = "<group>"; };
		5A64E0521A99A97900510F9A /* photo-11.jpg */ = {isa = PBXFileReference; lastKnownFileType = image.jpeg; path = "photo-11.jpg"; sourceTree = "<group>"; };
		5A64E0531A99A97900510F9A /* photo-12.jpg */ = {isa = PBXFileReference; lastKnownFileType = image.jpeg; path = "photo-12.jpg"; sourceTree = "<group>"; };
		5A64E0541A99A97900510F9A /* photo-13.jpg */ = {isa = PBXFileReference; lastKnownFileType = image.jpeg; path = "photo-13.jpg"; sourceTree = "<group>"; };
		5A64E0551A99A97900510F9A /* photo-14.jpg */ = {isa = PBXFileReference; lastKnownFileType = image.jpeg; path = "photo-14.jpg"; sourceTree = "<group>"; };
		5A64E0561A99A97900510F9A /* photo-15.jpg */ = {isa = PBXFileReference; lastKnownFileType = image.jpeg; path = "photo-15.jpg"; sourceTree = "<group>"; };
		5A64E0571A99A97900510F9A /* photo-16.jpg */ = {isa = PBXFileReference; lastKnownFileType = image.jpeg; path = "photo-16.jpg"; sourceTree = "<group>"; };
		5A64E0581A99A97900510F9A /* photo-17.jpg */ = {isa = PBXFileReference; lastKnownFileType = image.jpeg; path = "photo-17.jpg"; sourceTree = "<group>"; };
		5A64E0591A99A97900510F9A /* photo-18.jpg */ = {isa = PBXFileReference; lastKnownFileType = image.jpeg; path = "photo-18.jpg"; sourceTree = "<group>"; };
		5A64E05A1A99A97900510F9A /* photo-19.jpg */ = {isa = PBXFileReference; lastKnownFileType = image.jpeg; path = "photo-19.jpg"; sourceTree = "<group>"; };
		5A64E05B1A99A97900510F9A /* photo-20.jpg */ = {isa = PBXFileReference; lastKnownFileType = image.jpeg; path = "photo-20.jpg"; sourceTree = "<group>"; };
		5A64E05C1A99A97900510F9A /* photo-21.jpg */ = {isa = PBXFileReference; lastKnownFileType = image.jpeg; path = "photo-21.jpg"; sourceTree = "<group>"; };
		5A64E05D1A99A97900510F9A /* photo-22.jpg */ = {isa = PBXFileReference; lastKnownFileType = image.jpeg; path = "photo-22.jpg"; sourceTree = "<group>"; };
		5A64E05E1A99A97900510F9A /* photo-23.jpg */ = {isa = PBXFileReference; lastKnownFileType = image.jpeg; path = "photo-23.jpg"; sourceTree = "<group>"; };
		5A64E05F1A99A97900510F9A /* photo-24.jpg */ = {isa = PBXFileReference; lastKnownFileType = image.jpeg; path = "photo-24.jpg"; sourceTree = "<group>"; };
		5AD012351AC1454E0043DDC0 /* refresh.xib */ = {isa = PBXFileReference; fileEncoding = 4; lastKnownFileType = file.xib; path = refresh.xib; sourceTree = "<group>"; };
		5AD0123C1AC159190043DDC0 /* refresh.swift */ = {isa = PBXFileReference; fileEncoding = 4; lastKnownFileType = sourcecode.swift; path = refresh.swift; sourceTree = "<group>"; };
		5AD016A31A99DFAA00F63C3D /* collect.swift */ = {isa = PBXFileReference; fileEncoding = 4; lastKnownFileType = sourcecode.swift; path = collect.swift; sourceTree = "<group>"; };
		5AD016A51A99E1AE00F63C3D /* cellView.swift */ = {isa = PBXFileReference; fileEncoding = 4; lastKnownFileType = sourcecode.swift; path = cellView.swift; sourceTree = "<group>"; };
		5AD016A71A9A050400F63C3D /* dogTable.swift */ = {isa = PBXFileReference; fileEncoding = 4; lastKnownFileType = sourcecode.swift; path = dogTable.swift; sourceTree = "<group>"; };
		5AD771021A9EC0EF00F4D10A /* Dog.swift */ = {isa = PBXFileReference; fileEncoding = 4; lastKnownFileType = sourcecode.swift; name = Dog.swift; path = ../Dog.swift; sourceTree = "<group>"; };
		5AD771041A9EF84500F4D10A /* addDog.swift */ = {isa = PBXFileReference; fileEncoding = 4; lastKnownFileType = sourcecode.swift; path = addDog.swift; sourceTree = "<group>"; };
		5ADF84791A9A1369006E6F91 /* dogTableCell.swift */ = {isa = PBXFileReference; fileEncoding = 4; lastKnownFileType = sourcecode.swift; path = dogTableCell.swift; sourceTree = "<group>"; };
		5AE222E11AA7F33200C1A27E /* mainContainer.swift */ = {isa = PBXFileReference; fileEncoding = 4; lastKnownFileType = sourcecode.swift; path = mainContainer.swift; sourceTree = "<group>"; };
		5AE222E41AA8ABD700C1A27E /* UIImage+ImageEffects.h */ = {isa = PBXFileReference; lastKnownFileType = sourcecode.c.h; path = "UIImage+ImageEffects.h"; sourceTree = "<group>"; };
		5AE222E51AA8AC0200C1A27E /* wangwang-Bridging-Header.h */ = {isa = PBXFileReference; lastKnownFileType = sourcecode.c.h; path = "wangwang-Bridging-Header.h"; sourceTree = "<group>"; };
		5AE222E61AA8AC0300C1A27E /* UIImage+ImageEffects.m */ = {isa = PBXFileReference; fileEncoding = 4; lastKnownFileType = sourcecode.c.objc; path = "UIImage+ImageEffects.m"; sourceTree = "<group>"; };
		5AE404DE1AA4CA460041B7D7 /* bar1on.png */ = {isa = PBXFileReference; lastKnownFileType = image.png; path = bar1on.png; sourceTree = "<group>"; };
		5AE404E01AA4CB030041B7D7 /* bar1off.png */ = {isa = PBXFileReference; lastKnownFileType = image.png; path = bar1off.png; sourceTree = "<group>"; };
		5AE404E11AA4CB030041B7D7 /* bar2off.png */ = {isa = PBXFileReference; lastKnownFileType = image.png; path = bar2off.png; sourceTree = "<group>"; };
		5AE404E21AA4CB030041B7D7 /* bar2on.png */ = {isa = PBXFileReference; lastKnownFileType = image.png; path = bar2on.png; sourceTree = "<group>"; };
		5AE404E61AA553620041B7D7 /* bar3off.png */ = {isa = PBXFileReference; lastKnownFileType = image.png; path = bar3off.png; sourceTree = "<group>"; };
		5AE404E71AA553620041B7D7 /* bar3on.png */ = {isa = PBXFileReference; lastKnownFileType = image.png; path = bar3on.png; sourceTree = "<group>"; };
		5AE404E81AA553620041B7D7 /* bar4off.png */ = {isa = PBXFileReference; lastKnownFileType = image.png; path = bar4off.png; sourceTree = "<group>"; };
		5AE404E91AA553620041B7D7 /* bar4on.png */ = {isa = PBXFileReference; lastKnownFileType = image.png; path = bar4on.png; sourceTree = "<group>"; };
		5AE404F01AA57C1F0041B7D7 /* me.swift */ = {isa = PBXFileReference; fileEncoding = 4; lastKnownFileType = sourcecode.swift; path = me.swift; sourceTree = "<group>"; };
		5AE5A3DF1A98550100289526 /* wangwang.app */ = {isa = PBXFileReference; explicitFileType = wrapper.application; includeInIndex = 0; path = wangwang.app; sourceTree = BUILT_PRODUCTS_DIR; };
		5AE5A3E31A98550100289526 /* Info.plist */ = {isa = PBXFileReference; lastKnownFileType = text.plist.xml; path = Info.plist; sourceTree = "<group>"; };
		5AE5A3E41A98550100289526 /* AppDelegate.swift */ = {isa = PBXFileReference; lastKnownFileType = sourcecode.swift; path = AppDelegate.swift; sourceTree = "<group>"; };
		5AE5A3E71A98550100289526 /* wangwang.xcdatamodel */ = {isa = PBXFileReference; lastKnownFileType = wrapper.xcdatamodel; path = wangwang.xcdatamodel; sourceTree = "<group>"; };
		5AE5A3E91A98550100289526 /* ViewController.swift */ = {isa = PBXFileReference; lastKnownFileType = sourcecode.swift; path = ViewController.swift; sourceTree = "<group>"; };
		5AE5A3EC1A98550100289526 /* Base */ = {isa = PBXFileReference; lastKnownFileType = file.storyboard; name = Base; path = Base.lproj/Main.storyboard; sourceTree = "<group>"; };
		5AE5A3EE1A98550100289526 /* Images.xcassets */ = {isa = PBXFileReference; lastKnownFileType = folder.assetcatalog; path = Images.xcassets; sourceTree = "<group>"; };
		5AE5A3F11A98550100289526 /* Base */ = {isa = PBXFileReference; lastKnownFileType = file.xib; name = Base; path = Base.lproj/LaunchScreen.xib; sourceTree = "<group>"; };
		5AE5A3F71A98550100289526 /* wangwangTests.xctest */ = {isa = PBXFileReference; explicitFileType = wrapper.cfbundle; includeInIndex = 0; path = wangwangTests.xctest; sourceTree = BUILT_PRODUCTS_DIR; };
		5AE5A3FC1A98550100289526 /* Info.plist */ = {isa = PBXFileReference; lastKnownFileType = text.plist.xml; path = Info.plist; sourceTree = "<group>"; };
		5AE5A3FD1A98550100289526 /* wangwangTests.swift */ = {isa = PBXFileReference; lastKnownFileType = sourcecode.swift; path = wangwangTests.swift; sourceTree = "<group>"; };
/* End PBXFileReference section */

/* Begin PBXFrameworksBuildPhase section */
		5AE5A3DC1A98550100289526 /* Frameworks */ = {
			isa = PBXFrameworksBuildPhase;
			buildActionMask = 2147483647;
			files = (
			);
			runOnlyForDeploymentPostprocessing = 0;
		};
		5AE5A3F41A98550100289526 /* Frameworks */ = {
			isa = PBXFrameworksBuildPhase;
			buildActionMask = 2147483647;
			files = (
			);
			runOnlyForDeploymentPostprocessing = 0;
		};
/* End PBXFrameworksBuildPhase section */

/* Begin PBXGroup section */
		5A64E0471A99A92400510F9A /* imges */ = {
			isa = PBXGroup;
			children = (
				5A50CE5C1AAC193F0050BB46 /* t1.png */,
				5A50CE5D1AAC193F0050BB46 /* t2.png */,
				5A50CE5E1AAC193F0050BB46 /* t3.png */,
				5A50CE5F1AAC193F0050BB46 /* t4.png */,
				5AE404E61AA553620041B7D7 /* bar3off.png */,
				5AE404E71AA553620041B7D7 /* bar3on.png */,
				5AE404E81AA553620041B7D7 /* bar4off.png */,
				5AE404E91AA553620041B7D7 /* bar4on.png */,
				5AE404E01AA4CB030041B7D7 /* bar1off.png */,
				5AE404E11AA4CB030041B7D7 /* bar2off.png */,
				5AE404E21AA4CB030041B7D7 /* bar2on.png */,
				5AE404DE1AA4CA460041B7D7 /* bar1on.png */,
				5A64E0481A99A97900510F9A /* photo-1.jpg */,
				5A64E0491A99A97900510F9A /* photo-2.jpg */,
				5A64E04A1A99A97900510F9A /* photo-3.jpg */,
				5A64E04B1A99A97900510F9A /* photo-4.jpg */,
				5A64E04C1A99A97900510F9A /* photo-5.jpg */,
				5A64E04D1A99A97900510F9A /* photo-6.jpg */,
				5A64E04E1A99A97900510F9A /* photo-7.jpg */,
				5A64E04F1A99A97900510F9A /* photo-8.jpg */,
				5A64E0501A99A97900510F9A /* photo-9.jpg */,
				5A64E0511A99A97900510F9A /* photo-10.jpg */,
				5A64E0521A99A97900510F9A /* photo-11.jpg */,
				5A64E0531A99A97900510F9A /* photo-12.jpg */,
				5A64E0541A99A97900510F9A /* photo-13.jpg */,
				5A64E0551A99A97900510F9A /* photo-14.jpg */,
				5A64E0561A99A97900510F9A /* photo-15.jpg */,
				5A64E0571A99A97900510F9A /* photo-16.jpg */,
				5A64E0581A99A97900510F9A /* photo-17.jpg */,
				5A64E0591A99A97900510F9A /* photo-18.jpg */,
				5A64E05A1A99A97900510F9A /* photo-19.jpg */,
				5A64E05B1A99A97900510F9A /* photo-20.jpg */,
				5A64E05C1A99A97900510F9A /* photo-21.jpg */,
				5A64E05D1A99A97900510F9A /* photo-22.jpg */,
				5A64E05E1A99A97900510F9A /* photo-23.jpg */,
				5A64E05F1A99A97900510F9A /* photo-24.jpg */,
			);
			name = imges;
			sourceTree = "<group>";
		};
		5AE222E31AA8ABB300C1A27E /* oc */ = {
			isa = PBXGroup;
			children = (
				5AE222E41AA8ABD700C1A27E /* UIImage+ImageEffects.h */,
				5AE222E61AA8AC0300C1A27E /* UIImage+ImageEffects.m */,
			);
			name = oc;
			sourceTree = "<group>";
		};
		5AE5A3D61A98550100289526 = {
			isa = PBXGroup;
			children = (
				5AE5A3E11A98550100289526 /* wangwang */,
				5AE5A3FA1A98550100289526 /* wangwangTests */,
				5AE5A3E01A98550100289526 /* Products */,
			);
			sourceTree = "<group>";
		};
		5AE5A3E01A98550100289526 /* Products */ = {
			isa = PBXGroup;
			children = (
				5AE5A3DF1A98550100289526 /* wangwang.app */,
				5AE5A3F71A98550100289526 /* wangwangTests.xctest */,
			);
			name = Products;
			sourceTree = "<group>";
		};
		5AE5A3E11A98550100289526 /* wangwang */ = {
			isa = PBXGroup;
			children = (
				5AE222E31AA8ABB300C1A27E /* oc */,
				5AD771021A9EC0EF00F4D10A /* Dog.swift */,
				5A64E0471A99A92400510F9A /* imges */,
				5AE5A3E41A98550100289526 /* AppDelegate.swift */,
				5AE5A3E91A98550100289526 /* ViewController.swift */,
				5AE5A3EB1A98550100289526 /* Main.storyboard */,
				5AE5A3EE1A98550100289526 /* Images.xcassets */,
				5AE5A3F01A98550100289526 /* LaunchScreen.xib */,
				5AE5A3E61A98550100289526 /* wangwang.xcdatamodeld */,
				5AE5A3E21A98550100289526 /* Supporting Files */,
				5AD016A31A99DFAA00F63C3D /* collect.swift */,
				5AD016A51A99E1AE00F63C3D /* cellView.swift */,
				5AD016A71A9A050400F63C3D /* dogTable.swift */,
				5ADF84791A9A1369006E6F91 /* dogTableCell.swift */,
				5AD771041A9EF84500F4D10A /* addDog.swift */,
				5AE404F01AA57C1F0041B7D7 /* me.swift */,
				5AE222E11AA7F33200C1A27E /* mainContainer.swift */,
				5A50CE641AAC85DD0050BB46 /* leftView.xib */,
				5A50CE661AAC8EE30050BB46 /* leftView.swift */,
				5AD012351AC1454E0043DDC0 /* refresh.xib */,
				5AD0123C1AC159190043DDC0 /* refresh.swift */,
			);
			path = wangwang;
			sourceTree = "<group>";
		};
		5AE5A3E21A98550100289526 /* Supporting Files */ = {
			isa = PBXGroup;
			children = (
				5AE222E51AA8AC0200C1A27E /* wangwang-Bridging-Header.h */,
				5AE5A3E31A98550100289526 /* Info.plist */,
			);
			name = "Supporting Files";
			sourceTree = "<group>";
		};
		5AE5A3FA1A98550100289526 /* wangwangTests */ = {
			isa = PBXGroup;
			children = (
				5AE5A3FD1A98550100289526 /* wangwangTests.swift */,
				5AE5A3FB1A98550100289526 /* Supporting Files */,
			);
			path = wangwangTests;
			sourceTree = "<group>";
		};
		5AE5A3FB1A98550100289526 /* Supporting Files */ = {
			isa = PBXGroup;
			children = (
				5AE5A3FC1A98550100289526 /* Info.plist */,
			);
			name = "Supporting Files";
			sourceTree = "<group>";
		};
/* End PBXGroup section */

/* Begin PBXNativeTarget section */
		5AE5A3DE1A98550100289526 /* wangwang */ = {
			isa = PBXNativeTarget;
			buildConfigurationList = 5AE5A4011A98550100289526 /* Build configuration list for PBXNativeTarget "wangwang" */;
			buildPhases = (
				5AE5A3DB1A98550100289526 /* Sources */,
				5AE5A3DC1A98550100289526 /* Frameworks */,
				5AE5A3DD1A98550100289526 /* Resources */,
			);
			buildRules = (
			);
			dependencies = (
			);
			name = wangwang;
			productName = wangwang;
			productReference = 5AE5A3DF1A98550100289526 /* wangwang.app */;
			productType = "com.apple.product-type.application";
		};
		5AE5A3F61A98550100289526 /* wangwangTests */ = {
			isa = PBXNativeTarget;
			buildConfigurationList = 5AE5A4041A98550100289526 /* Build configuration list for PBXNativeTarget "wangwangTests" */;
			buildPhases = (
				5AE5A3F31A98550100289526 /* Sources */,
				5AE5A3F41A98550100289526 /* Frameworks */,
				5AE5A3F51A98550100289526 /* Resources */,
			);
			buildRules = (
			);
			dependencies = (
				5AE5A3F91A98550100289526 /* PBXTargetDependency */,
			);
			name = wangwangTests;
			productName = wangwangTests;
			productReference = 5AE5A3F71A98550100289526 /* wangwangTests.xctest */;
			productType = "com.apple.product-type.bundle.unit-test";
		};
/* End PBXNativeTarget section */

/* Begin PBXProject section */
		5AE5A3D71A98550100289526 /* Project object */ = {
			isa = PBXProject;
			attributes = {
				LastUpgradeCheck = 0610;
				ORGANIZATIONNAME = zh.com;
				TargetAttributes = {
					5AE5A3DE1A98550100289526 = {
						CreatedOnToolsVersion = 6.1.1;
					};
					5AE5A3F61A98550100289526 = {
						CreatedOnToolsVersion = 6.1.1;
						TestTargetID = 5AE5A3DE1A98550100289526;
					};
				};
			};
			buildConfigurationList = 5AE5A3DA1A98550100289526 /* Build configuration list for PBXProject "wangwang" */;
			compatibilityVersion = "Xcode 3.2";
			developmentRegion = English;
			hasScannedForEncodings = 0;
			knownRegions = (
				en,
				Base,
			);
			mainGroup = 5AE5A3D61A98550100289526;
			productRefGroup = 5AE5A3E01A98550100289526 /* Products */;
			projectDirPath = "";
			projectRoot = "";
			targets = (
				5AE5A3DE1A98550100289526 /* wangwang */,
				5AE5A3F61A98550100289526 /* wangwangTests */,
			);
		};
/* End PBXProject section */

/* Begin PBXResourcesBuildPhase section */
		5AE5A3DD1A98550100289526 /* Resources */ = {
			isa = PBXResourcesBuildPhase;
			buildActionMask = 2147483647;
			files = (
				5A50CE621AAC193F0050BB46 /* t3.png in Resources */,
				5A64E0721A99A97900510F9A /* photo-19.jpg in Resources */,
				5AE404E51AA4CB030041B7D7 /* bar2on.png in Resources */,
				5A64E06E1A99A97900510F9A /* photo-15.jpg in Resources */,
				5A64E0751A99A97900510F9A /* photo-22.jpg in Resources */,
				5AE404EB1AA553620041B7D7 /* bar3on.png in Resources */,
				5AE404E31AA4CB030041B7D7 /* bar1off.png in Resources */,
				5A50CE651AAC85DD0050BB46 /* leftView.xib in Resources */,
				5A64E0661A99A97900510F9A /* photo-7.jpg in Resources */,
				5A64E0731A99A97900510F9A /* photo-20.jpg in Resources */,
				5A64E0681A99A97900510F9A /* photo-9.jpg in Resources */,
				5AE5A3ED1A98550100289526 /* Main.storyboard in Resources */,
				5A50CE611AAC193F0050BB46 /* t2.png in Resources */,
				5A64E0771A99A97900510F9A /* photo-24.jpg in Resources */,
				5AE5A3F21A98550100289526 /* LaunchScreen.xib in Resources */,
				5A64E06B1A99A97900510F9A /* photo-12.jpg in Resources */,
				5A64E0621A99A97900510F9A /* photo-3.jpg in Resources */,
				5AD012361AC1454E0043DDC0 /* refresh.xib in Resources */,
				5A64E0641A99A97900510F9A /* photo-5.jpg in Resources */,
				5A64E0601A99A97900510F9A /* photo-1.jpg in Resources */,
				5A64E0761A99A97900510F9A /* photo-23.jpg in Resources */,
				5A64E0611A99A97900510F9A /* photo-2.jpg in Resources */,
				5AE404ED1AA553620041B7D7 /* bar4on.png in Resources */,
				5A64E0741A99A97900510F9A /* photo-21.jpg in Resources */,
				5A64E06C1A99A97900510F9A /* photo-13.jpg in Resources */,
				5A64E0691A99A97900510F9A /* photo-10.jpg in Resources */,
				5A50CE631AAC193F0050BB46 /* t4.png in Resources */,
				5A64E06F1A99A97900510F9A /* photo-16.jpg in Resources */,
				5AE404DF1AA4CA460041B7D7 /* bar1on.png in Resources */,
				5A50CE601AAC193F0050BB46 /* t1.png in Resources */,
				5A64E0631A99A97900510F9A /* photo-4.jpg in Resources */,
				5AE404E41AA4CB030041B7D7 /* bar2off.png in Resources */,
				5A64E06D1A99A97900510F9A /* photo-14.jpg in Resources */,
				5A64E0701A99A97900510F9A /* photo-17.jpg in Resources */,
				5AE404EA1AA553620041B7D7 /* bar3off.png in Resources */,
				5A64E0651A99A97900510F9A /* photo-6.jpg in Resources */,
				5A64E0671A99A97900510F9A /* photo-8.jpg in Resources */,
				5A64E0711A99A97900510F9A /* photo-18.jpg in Resources */,
				5A64E06A1A99A97900510F9A /* photo-11.jpg in Resources */,
				5AE404EC1AA553620041B7D7 /* bar4off.png in Resources */,
				5AE5A3EF1A98550100289526 /* Images.xcassets in Resources */,
			);
			runOnlyForDeploymentPostprocessing = 0;
		};
		5AE5A3F51A98550100289526 /* Resources */ = {
			isa = PBXResourcesBuildPhase;
			buildActionMask = 2147483647;
			files = (
			);
			runOnlyForDeploymentPostprocessing = 0;
		};
/* End PBXResourcesBuildPhase section */

/* Begin PBXSourcesBuildPhase section */
		5AE5A3DB1A98550100289526 /* Sources */ = {
			isa = PBXSourcesBuildPhase;
			buildActionMask = 2147483647;
			files = (
				5AE5A3EA1A98550100289526 /* ViewController.swift in Sources */,
				5AD016A81A9A050400F63C3D /* dogTable.swift in Sources */,
				5A50CE671AAC8EE30050BB46 /* leftView.swift in Sources */,
				5AE5A3E51A98550100289526 /* AppDelegate.swift in Sources */,
				5AD016A41A99DFAA00F63C3D /* collect.swift in Sources */,
				5AD771031A9EC0EF00F4D10A /* Dog.swift in Sources */,
				5AD016A61A99E1AE00F63C3D /* cellView.swift in Sources */,
				5AD771051A9EF84500F4D10A /* addDog.swift in Sources */,
				5AE404F11AA57C1F0041B7D7 /* me.swift in Sources */,
				5AE222E71AA8AC0300C1A27E /* UIImage+ImageEffects.m in Sources */,
				5AE5A3E81A98550100289526 /* wangwang.xcdatamodeld in Sources */,
				5ADF847A1A9A1369006E6F91 /* dogTableCell.swift in Sources */,
				5AE222E21AA7F33200C1A27E /* mainContainer.swift in Sources */,
				5AD0123D1AC159190043DDC0 /* refresh.swift in Sources */,
			);
			runOnlyForDeploymentPostprocessing = 0;
		};
		5AE5A3F31A98550100289526 /* Sources */ = {
			isa = PBXSourcesBuildPhase;
			buildActionMask = 2147483647;
			files = (
				5AE5A3FE1A98550100289526 /* wangwangTests.swift in Sources */,
			);
			runOnlyForDeploymentPostprocessing = 0;
		};
/* End PBXSourcesBuildPhase section */

/* Begin PBXTargetDependency section */
		5AE5A3F91A98550100289526 /* PBXTargetDependency */ = {
			isa = PBXTargetDependency;
			target = 5AE5A3DE1A98550100289526 /* wangwang */;
			targetProxy = 5AE5A3F81A98550100289526 /* PBXContainerItemProxy */;
		};
/* End PBXTargetDependency section */

/* Begin PBXVariantGroup section */
		5AE5A3EB1A98550100289526 /* Main.storyboard */ = {
			isa = PBXVariantGroup;
			children = (
				5AE5A3EC1A98550100289526 /* Base */,
			);
			name = Main.storyboard;
			sourceTree = "<group>";
		};
		5AE5A3F01A98550100289526 /* LaunchScreen.xib */ = {
			isa = PBXVariantGroup;
			children = (
				5AE5A3F11A98550100289526 /* Base */,
			);
			name = LaunchScreen.xib;
			sourceTree = "<group>";
		};
/* End PBXVariantGroup section */

/* Begin XCBuildConfiguration section */
		5AE5A3FF1A98550100289526 /* Debug */ = {
			isa = XCBuildConfiguration;
			buildSettings = {
				ALWAYS_SEARCH_USER_PATHS = NO;
				CLANG_CXX_LANGUAGE_STANDARD = "gnu++0x";
				CLANG_CXX_LIBRARY = "libc++";
				CLANG_ENABLE_MODULES = YES;
				CLANG_ENABLE_OBJC_ARC = YES;
				CLANG_WARN_BOOL_CONVERSION = YES;
				CLANG_WARN_CONSTANT_CONVERSION = YES;
				CLANG_WARN_DIRECT_OBJC_ISA_USAGE = YES_ERROR;
				CLANG_WARN_EMPTY_BODY = YES;
				CLANG_WARN_ENUM_CONVERSION = YES;
				CLANG_WARN_INT_CONVERSION = YES;
				CLANG_WARN_OBJC_ROOT_CLASS = YES_ERROR;
				CLANG_WARN_UNREACHABLE_CODE = YES;
				CLANG_WARN__DUPLICATE_METHOD_MATCH = YES;
				"CODE_SIGN_IDENTITY[sdk=iphoneos*]" = "iPhone Developer";
				COPY_PHASE_STRIP = NO;
				ENABLE_STRICT_OBJC_MSGSEND = YES;
				GCC_C_LANGUAGE_STANDARD = gnu99;
				GCC_DYNAMIC_NO_PIC = NO;
				GCC_OPTIMIZATION_LEVEL = 0;
				GCC_PREPROCESSOR_DEFINITIONS = (
					"DEBUG=1",
					"$(inherited)",
				);
				GCC_SYMBOLS_PRIVATE_EXTERN = NO;
				GCC_WARN_64_TO_32_BIT_CONVERSION = YES;
				GCC_WARN_ABOUT_RETURN_TYPE = YES_ERROR;
				GCC_WARN_UNDECLARED_SELECTOR = YES;
				GCC_WARN_UNINITIALIZED_AUTOS = YES_AGGRESSIVE;
				GCC_WARN_UNUSED_FUNCTION = YES;
				GCC_WARN_UNUSED_VARIABLE = YES;
				IPHONEOS_DEPLOYMENT_TARGET = 8.1;
				MTL_ENABLE_DEBUG_INFO = YES;
				ONLY_ACTIVE_ARCH = YES;
				SDKROOT = iphoneos;
				SWIFT_OPTIMIZATION_LEVEL = "-Onone";
			};
			name = Debug;
		};
		5AE5A4001A98550100289526 /* Release */ = {
			isa = XCBuildConfiguration;
			buildSettings = {
				ALWAYS_SEARCH_USER_PATHS = NO;
				CLANG_CXX_LANGUAGE_STANDARD = "gnu++0x";
				CLANG_CXX_LIBRARY = "libc++";
				CLANG_ENABLE_MODULES = YES;
				CLANG_ENABLE_OBJC_ARC = YES;
				CLANG_WARN_BOOL_CONVERSION = YES;
				CLANG_WARN_CONSTANT_CONVERSION = YES;
				CLANG_WARN_DIRECT_OBJC_ISA_USAGE = YES_ERROR;
				CLANG_WARN_EMPTY_BODY = YES;
				CLANG_WARN_ENUM_CONVERSION = YES;
				CLANG_WARN_INT_CONVERSION = YES;
				CLANG_WARN_OBJC_ROOT_CLASS = YES_ERROR;
				CLANG_WARN_UNREACHABLE_CODE = YES;
				CLANG_WARN__DUPLICATE_METHOD_MATCH = YES;
				"CODE_SIGN_IDENTITY[sdk=iphoneos*]" = "iPhone Developer";
				COPY_PHASE_STRIP = YES;
				ENABLE_NS_ASSERTIONS = NO;
				ENABLE_STRICT_OBJC_MSGSEND = YES;
				GCC_C_LANGUAGE_STANDARD = gnu99;
				GCC_WARN_64_TO_32_BIT_CONVERSION = YES;
				GCC_WARN_ABOUT_RETURN_TYPE = YES_ERROR;
				GCC_WARN_UNDECLARED_SELECTOR = YES;
				GCC_WARN_UNINITIALIZED_AUTOS = YES_AGGRESSIVE;
				GCC_WARN_UNUSED_FUNCTION = YES;
				GCC_WARN_UNUSED_VARIABLE = YES;
				IPHONEOS_DEPLOYMENT_TARGET = 8.1;
				MTL_ENABLE_DEBUG_INFO = NO;
				SDKROOT = iphoneos;
				VALIDATE_PRODUCT = YES;
			};
			name = Release;
		};
		5AE5A4021A98550100289526 /* Debug */ = {
			isa = XCBuildConfiguration;
			buildSettings = {
				ASSETCATALOG_COMPILER_APPICON_NAME = AppIcon;
				CLANG_ENABLE_MODULES = YES;
				INFOPLIST_FILE = wangwang/Info.plist;
				LD_RUNPATH_SEARCH_PATHS = "$(inherited) @executable_path/Frameworks";
				PRODUCT_NAME = "$(TARGET_NAME)";
				SWIFT_OBJC_BRIDGING_HEADER = "wangwang/wangwang-Bridging-Header.h";
				SWIFT_OPTIMIZATION_LEVEL = "-Onone";
			};
			name = Debug;
		};
		5AE5A4031A98550100289526 /* Release */ = {
			isa = XCBuildConfiguration;
			buildSettings = {
				ASSETCATALOG_COMPILER_APPICON_NAME = AppIcon;
				CLANG_ENABLE_MODULES = YES;
				INFOPLIST_FILE = wangwang/Info.plist;
				LD_RUNPATH_SEARCH_PATHS = "$(inherited) @executable_path/Frameworks";
				PRODUCT_NAME = "$(TARGET_NAME)";
				SWIFT_OBJC_BRIDGING_HEADER = "wangwang/wangwang-Bridging-Header.h";
			};
			name = Release;
		};
		5AE5A4051A98550100289526 /* Debug */ = {
			isa = XCBuildConfiguration;
			buildSettings = {
				BUNDLE_LOADER = "$(TEST_HOST)";
				FRAMEWORK_SEARCH_PATHS = (
					"$(SDKROOT)/Developer/Library/Frameworks",
					"$(inherited)",
				);
				GCC_PREPROCESSOR_DEFINITIONS = (
					"DEBUG=1",
					"$(inherited)",
				);
				INFOPLIST_FILE = wangwangTests/Info.plist;
				LD_RUNPATH_SEARCH_PATHS = "$(inherited) @executable_path/Frameworks @loader_path/Frameworks";
				PRODUCT_NAME = "$(TARGET_NAME)";
				TEST_HOST = "$(BUILT_PRODUCTS_DIR)/wangwang.app/wangwang";
			};
			name = Debug;
		};
		5AE5A4061A98550100289526 /* Release */ = {
			isa = XCBuildConfiguration;
			buildSettings = {
				BUNDLE_LOADER = "$(TEST_HOST)";
				FRAMEWORK_SEARCH_PATHS = (
					"$(SDKROOT)/Developer/Library/Frameworks",
					"$(inherited)",
				);
				INFOPLIST_FILE = wangwangTests/Info.plist;
				LD_RUNPATH_SEARCH_PATHS = "$(inherited) @executable_path/Frameworks @loader_path/Frameworks";
				PRODUCT_NAME = "$(TARGET_NAME)";
				TEST_HOST = "$(BUILT_PRODUCTS_DIR)/wangwang.app/wangwang";
			};
			name = Release;
		};
/* End XCBuildConfiguration section */

/* Begin XCConfigurationList section */
		5AE5A3DA1A98550100289526 /* Build configuration list for PBXProject "wangwang" */ = {
			isa = XCConfigurationList;
			buildConfigurations = (
				5AE5A3FF1A98550100289526 /* Debug */,
				5AE5A4001A98550100289526 /* Release */,
			);
			defaultConfigurationIsVisible = 0;
			defaultConfigurationName = Release;
		};
		5AE5A4011A98550100289526 /* Build configuration list for PBXNativeTarget "wangwang" */ = {
			isa = XCConfigurationList;
			buildConfigurations = (
				5AE5A4021A98550100289526 /* Debug */,
				5AE5A4031A98550100289526 /* Release */,
			);
			defaultConfigurationIsVisible = 0;
			defaultConfigurationName = Release;
		};
		5AE5A4041A98550100289526 /* Build configuration list for PBXNativeTarget "wangwangTests" */ = {
			isa = XCConfigurationList;
			buildConfigurations = (
				5AE5A4051A98550100289526 /* Debug */,
				5AE5A4061A98550100289526 /* Release */,
			);
			defaultConfigurationIsVisible = 0;
			defaultConfigurationName = Release;
		};
/* End XCConfigurationList section */

/* Begin XCVersionGroup section */
		5AE5A3E61A98550100289526 /* wangwang.xcdatamodeld */ = {
			isa = XCVersionGroup;
			children = (
				5AE5A3E71A98550100289526 /* wangwang.xcdatamodel */,
			);
			currentVersion = 5AE5A3E71A98550100289526 /* wangwang.xcdatamodel */;
			path = wangwang.xcdatamodeld;
			sourceTree = "<group>";
			versionGroupType = wrapper.xcdatamodel;
		};
/* End XCVersionGroup section */
	};
	rootObject = 5AE5A3D71A98550100289526 /* Project object */;
}
